// !$*UTF8*$!
{
	archiveVersion = 1;
	classes = {
	};
	objectVersion = 56;
	objects = {

/* Begin PBXBuildFile section */
		042FC1402A8B4DEB00CB8AAF /* bindingPropertyWrapperApp.swift in Sources */ = {isa = PBXBuildFile; fileRef = 042FC13F2A8B4DEB00CB8AAF /* bindingPropertyWrapperApp.swift */; };
		042FC1422A8B4DEB00CB8AAF /* ContentView.swift in Sources */ = {isa = PBXBuildFile; fileRef = 042FC1412A8B4DEB00CB8AAF /* ContentView.swift */; };
		042FC1442A8B4DEC00CB8AAF /* Assets.xcassets in Resources */ = {isa = PBXBuildFile; fileRef = 042FC1432A8B4DEC00CB8AAF /* Assets.xcassets */; };
		042FC1482A8B4DEC00CB8AAF /* Preview Assets.xcassets in Resources */ = {isa = PBXBuildFile; fileRef = 042FC1472A8B4DEC00CB8AAF /* Preview Assets.xcassets */; };
		042FC1522A8B4DED00CB8AAF /* bindingPropertyWrapperTests.swift in Sources */ = {isa = PBXBuildFile; fileRef = 042FC1512A8B4DED00CB8AAF /* bindingPropertyWrapperTests.swift */; };
		042FC15C2A8B4DED00CB8AAF /* bindingPropertyWrapperUITests.swift in Sources */ = {isa = PBXBuildFile; fileRef = 042FC15B2A8B4DED00CB8AAF /* bindingPropertyWrapperUITests.swift */; };
		042FC15E2A8B4DED00CB8AAF /* bindingPropertyWrapperUITestsLaunchTests.swift in Sources */ = {isa = PBXBuildFile; fileRef = 042FC15D2A8B4DED00CB8AAF /* bindingPropertyWrapperUITestsLaunchTests.swift */; };
		042FC16B2A8B4F4100CB8AAF /* ToggleView.swift in Sources */ = {isa = PBXBuildFile; fileRef = 042FC16A2A8B4F4100CB8AAF /* ToggleView.swift */; };
/* End PBXBuildFile section */

/* Begin PBXContainerItemProxy section */
		042FC14E2A8B4DED00CB8AAF /* PBXContainerItemProxy */ = {
			isa = PBXContainerItemProxy;
			containerPortal = 042FC1342A8B4DEA00CB8AAF /* Project object */;
			proxyType = 1;
			remoteGlobalIDString = 042FC13B2A8B4DEA00CB8AAF;
			remoteInfo = bindingPropertyWrapper;
		};
		042FC1582A8B4DED00CB8AAF /* PBXContainerItemProxy */ = {
			isa = PBXContainerItemProxy;
			containerPortal = 042FC1342A8B4DEA00CB8AAF /* Project object */;
			proxyType = 1;
			remoteGlobalIDString = 042FC13B2A8B4DEA00CB8AAF;
			remoteInfo = bindingPropertyWrapper;
		};
/* End PBXContainerItemProxy section */

/* Begin PBXFileReference section */
		042FC13C2A8B4DEA00CB8AAF /* bindingPropertyWrapper.app */ = {isa = PBXFileReference; explicitFileType = wrapper.application; includeInIndex = 0; path = bindingPropertyWrapper.app; sourceTree = BUILT_PRODUCTS_DIR; };
		042FC13F2A8B4DEB00CB8AAF /* bindingPropertyWrapperApp.swift */ = {isa = PBXFileReference; lastKnownFileType = sourcecode.swift; path = bindingPropertyWrapperApp.swift; sourceTree = "<group>"; };
		042FC1412A8B4DEB00CB8AAF /* ContentView.swift */ = {isa = PBXFileReference; lastKnownFileType = sourcecode.swift; path = ContentView.swift; sourceTree = "<group>"; };
		042FC1432A8B4DEC00CB8AAF /* Assets.xcassets */ = {isa = PBXFileReference; lastKnownFileType = folder.assetcatalog; path = Assets.xcassets; sourceTree = "<group>"; };
		042FC1452A8B4DEC00CB8AAF /* bindingPropertyWrapper.entitlements */ = {isa = PBXFileReference; lastKnownFileType = text.plist.entitlements; path = bindingPropertyWrapper.entitlements; sourceTree = "<group>"; };
		042FC1472A8B4DEC00CB8AAF /* Preview Assets.xcassets */ = {isa = PBXFileReference; lastKnownFileType = folder.assetcatalog; path = "Preview Assets.xcassets"; sourceTree = "<group>"; };
		042FC14D2A8B4DED00CB8AAF /* bindingPropertyWrapperTests.xctest */ = {isa = PBXFileReference; explicitFileType = wrapper.cfbundle; includeInIndex = 0; path = bindingPropertyWrapperTests.xctest; sourceTree = BUILT_PRODUCTS_DIR; };
		042FC1512A8B4DED00CB8AAF /* bindingPropertyWrapperTests.swift */ = {isa = PBXFileReference; lastKnownFileType = sourcecode.swift; path = bindingPropertyWrapperTests.swift; sourceTree = "<group>"; };
		042FC1572A8B4DED00CB8AAF /* bindingPropertyWrapperUITests.xctest */ = {isa = PBXFileReference; explicitFileType = wrapper.cfbundle; includeInIndex = 0; path = bindingPropertyWrapperUITests.xctest; sourceTree = BUILT_PRODUCTS_DIR; };
		042FC15B2A8B4DED00CB8AAF /* bindingPropertyWrapperUITests.swift */ = {isa = PBXFileReference; lastKnownFileType = sourcecode.swift; path = bindingPropertyWrapperUITests.swift; sourceTree = "<group>"; };
		042FC15D2A8B4DED00CB8AAF /* bindingPropertyWrapperUITestsLaunchTests.swift */ = {isa = PBXFileReference; lastKnownFileType = sourcecode.swift; path = bindingPropertyWrapperUITestsLaunchTests.swift; sourceTree = "<group>"; };
		042FC16A2A8B4F4100CB8AAF /* ToggleView.swift */ = {isa = PBXFileReference; lastKnownFileType = sourcecode.swift; path = ToggleView.swift; sourceTree = "<group>"; };
/* End PBXFileReference section */

/* Begin PBXFrameworksBuildPhase section */
		042FC1392A8B4DEA00CB8AAF /* Frameworks */ = {
			isa = PBXFrameworksBuildPhase;
			buildActionMask = 2147483647;
			files = (
			);
			runOnlyForDeploymentPostprocessing = 0;
		};
		042FC14A2A8B4DED00CB8AAF /* Frameworks */ = {
			isa = PBXFrameworksBuildPhase;
			buildActionMask = 2147483647;
			files = (
			);
			runOnlyForDeploymentPostprocessing = 0;
		};
		042FC1542A8B4DED00CB8AAF /* Frameworks */ = {
			isa = PBXFrameworksBuildPhase;
			buildActionMask = 2147483647;
			files = (
			);
			runOnlyForDeploymentPostprocessing = 0;
		};
/* End PBXFrameworksBuildPhase section */

/* Begin PBXGroup section */
		042FC1332A8B4DEA00CB8AAF = {
			isa = PBXGroup;
			children = (
				042FC13E2A8B4DEA00CB8AAF /* bindingPropertyWrapper */,
				042FC1502A8B4DED00CB8AAF /* bindingPropertyWrapperTests */,
				042FC15A2A8B4DED00CB8AAF /* bindingPropertyWrapperUITests */,
				042FC13D2A8B4DEA00CB8AAF /* Products */,
			);
			sourceTree = "<group>";
		};
		042FC13D2A8B4DEA00CB8AAF /* Products */ = {
			isa = PBXGroup;
			children = (
				042FC13C2A8B4DEA00CB8AAF /* bindingPropertyWrapper.app */,
				042FC14D2A8B4DED00CB8AAF /* bindingPropertyWrapperTests.xctest */,
				042FC1572A8B4DED00CB8AAF /* bindingPropertyWrapperUITests.xctest */,
			);
			name = Products;
			sourceTree = "<group>";
		};
		042FC13E2A8B4DEA00CB8AAF /* bindingPropertyWrapper */ = {
			isa = PBXGroup;
			children = (
				042FC13F2A8B4DEB00CB8AAF /* bindingPropertyWrapperApp.swift */,
				042FC1412A8B4DEB00CB8AAF /* ContentView.swift */,
				042FC1432A8B4DEC00CB8AAF /* Assets.xcassets */,
				042FC1452A8B4DEC00CB8AAF /* bindingPropertyWrapper.entitlements */,
				042FC1462A8B4DEC00CB8AAF /* Preview Content */,
				042FC16A2A8B4F4100CB8AAF /* ToggleView.swift */,
			);
			path = bindingPropertyWrapper;
			sourceTree = "<group>";
		};
		042FC1462A8B4DEC00CB8AAF /* Preview Content */ = {
			isa = PBXGroup;
			children = (
				042FC1472A8B4DEC00CB8AAF /* Preview Assets.xcassets */,
			);
			path = "Preview Content";
			sourceTree = "<group>";
		};
		042FC1502A8B4DED00CB8AAF /* bindingPropertyWrapperTests */ = {
			isa = PBXGroup;
			children = (
				042FC1512A8B4DED00CB8AAF /* bindingPropertyWrapperTests.swift */,
			);
			path = bindingPropertyWrapperTests;
			sourceTree = "<group>";
		};
		042FC15A2A8B4DED00CB8AAF /* bindingPropertyWrapperUITests */ = {
			isa = PBXGroup;
			children = (
				042FC15B2A8B4DED00CB8AAF /* bindingPropertyWrapperUITests.swift */,
				042FC15D2A8B4DED00CB8AAF /* bindingPropertyWrapperUITestsLaunchTests.swift */,
			);
			path = bindingPropertyWrapperUITests;
			sourceTree = "<group>";
		};
/* End PBXGroup section */

/* Begin PBXNativeTarget section */
		042FC13B2A8B4DEA00CB8AAF /* bindingPropertyWrapper */ = {
			isa = PBXNativeTarget;
			buildConfigurationList = 042FC1612A8B4DED00CB8AAF /* Build configuration list for PBXNativeTarget "bindingPropertyWrapper" */;
			buildPhases = (
				042FC1382A8B4DEA00CB8AAF /* Sources */,
				042FC1392A8B4DEA00CB8AAF /* Frameworks */,
				042FC13A2A8B4DEA00CB8AAF /* Resources */,
			);
			buildRules = (
			);
			dependencies = (
			);
			name = bindingPropertyWrapper;
			productName = bindingPropertyWrapper;
			productReference = 042FC13C2A8B4DEA00CB8AAF /* bindingPropertyWrapper.app */;
			productType = "com.apple.product-type.application";
		};
		042FC14C2A8B4DED00CB8AAF /* bindingPropertyWrapperTests */ = {
			isa = PBXNativeTarget;
			buildConfigurationList = 042FC1642A8B4DED00CB8AAF /* Build configuration list for PBXNativeTarget "bindingPropertyWrapperTests" */;
			buildPhases = (
				042FC1492A8B4DED00CB8AAF /* Sources */,
				042FC14A2A8B4DED00CB8AAF /* Frameworks */,
				042FC14B2A8B4DED00CB8AAF /* Resources */,
			);
			buildRules = (
			);
			dependencies = (
				042FC14F2A8B4DED00CB8AAF /* PBXTargetDependency */,
			);
			name = bindingPropertyWrapperTests;
			productName = bindingPropertyWrapperTests;
			productReference = 042FC14D2A8B4DED00CB8AAF /* bindingPropertyWrapperTests.xctest */;
			productType = "com.apple.product-type.bundle.unit-test";
		};
		042FC1562A8B4DED00CB8AAF /* bindingPropertyWrapperUITests */ = {
			isa = PBXNativeTarget;
			buildConfigurationList = 042FC1672A8B4DED00CB8AAF /* Build configuration list for PBXNativeTarget "bindingPropertyWrapperUITests" */;
			buildPhases = (
				042FC1532A8B4DED00CB8AAF /* Sources */,
				042FC1542A8B4DED00CB8AAF /* Frameworks */,
				042FC1552A8B4DED00CB8AAF /* Resources */,
			);
			buildRules = (
			);
			dependencies = (
				042FC1592A8B4DED00CB8AAF /* PBXTargetDependency */,
			);
			name = bindingPropertyWrapperUITests;
			productName = bindingPropertyWrapperUITests;
			productReference = 042FC1572A8B4DED00CB8AAF /* bindingPropertyWrapperUITests.xctest */;
			productType = "com.apple.product-type.bundle.ui-testing";
		};
/* End PBXNativeTarget section */

/* Begin PBXProject section */
		042FC1342A8B4DEA00CB8AAF /* Project object */ = {
			isa = PBXProject;
			attributes = {
				BuildIndependentTargetsInParallel = 1;
				LastSwiftUpdateCheck = 1430;
				LastUpgradeCheck = 1430;
				TargetAttributes = {
					042FC13B2A8B4DEA00CB8AAF = {
						CreatedOnToolsVersion = 14.3.1;
					};
					042FC14C2A8B4DED00CB8AAF = {
						CreatedOnToolsVersion = 14.3.1;
						TestTargetID = 042FC13B2A8B4DEA00CB8AAF;
					};
					042FC1562A8B4DED00CB8AAF = {
						CreatedOnToolsVersion = 14.3.1;
						TestTargetID = 042FC13B2A8B4DEA00CB8AAF;
					};
				};
			};
			buildConfigurationList = 042FC1372A8B4DEA00CB8AAF /* Build configuration list for PBXProject "bindingPropertyWrapper" */;
			compatibilityVersion = "Xcode 14.0";
			developmentRegion = en;
			hasScannedForEncodings = 0;
			knownRegions = (
				en,
				Base,
			);
			mainGroup = 042FC1332A8B4DEA00CB8AAF;
			productRefGroup = 042FC13D2A8B4DEA00CB8AAF /* Products */;
			projectDirPath = "";
			projectRoot = "";
			targets = (
				042FC13B2A8B4DEA00CB8AAF /* bindingPropertyWrapper */,
				042FC14C2A8B4DED00CB8AAF /* bindingPropertyWrapperTests */,
				042FC1562A8B4DED00CB8AAF /* bindingPropertyWrapperUITests */,
			);
		};
/* End PBXProject section */

/* Begin PBXResourcesBuildPhase section */
		042FC13A2A8B4DEA00CB8AAF /* Resources */ = {
			isa = PBXResourcesBuildPhase;
			buildActionMask = 2147483647;
			files = (
				042FC1482A8B4DEC00CB8AAF /* Preview Assets.xcassets in Resources */,
				042FC1442A8B4DEC00CB8AAF /* Assets.xcassets in Resources */,
			);
			runOnlyForDeploymentPostprocessing = 0;
		};
		042FC14B2A8B4DED00CB8AAF /* Resources */ = {
			isa = PBXResourcesBuildPhase;
			buildActionMask = 2147483647;
			files = (
			);
			runOnlyForDeploymentPostprocessing = 0;
		};
		042FC1552A8B4DED00CB8AAF /* Resources */ = {
			isa = PBXResourcesBuildPhase;
			buildActionMask = 2147483647;
			files = (
			);
			runOnlyForDeploymentPostprocessing = 0;
		};
/* End PBXResourcesBuildPhase section */

/* Begin PBXSourcesBuildPhase section */
		042FC1382A8B4DEA00CB8AAF /* Sources */ = {
			isa = PBXSourcesBuildPhase;
			buildActionMask = 2147483647;
			files = (
				042FC1422A8B4DEB00CB8AAF /* ContentView.swift in Sources */,
				042FC16B2A8B4F4100CB8AAF /* ToggleView.swift in Sources */,
				042FC1402A8B4DEB00CB8AAF /* bindingPropertyWrapperApp.swift in Sources */,
			);
			runOnlyForDeploymentPostprocessing = 0;
		};
		042FC1492A8B4DED00CB8AAF /* Sources */ = {
			isa = PBXSourcesBuildPhase;
			buildActionMask = 2147483647;
			files = (
				042FC1522A8B4DED00CB8AAF /* bindingPropertyWrapperTests.swift in Sources */,
			);
			runOnlyForDeploymentPostprocessing = 0;
		};
		042FC1532A8B4DED00CB8AAF /* Sources */ = {
			isa = PBXSourcesBuildPhase;
			buildActionMask = 2147483647;
			files = (
				042FC15C2A8B4DED00CB8AAF /* bindingPropertyWrapperUITests.swift in Sources */,
				042FC15E2A8B4DED00CB8AAF /* bindingPropertyWrapperUITestsLaunchTests.swift in Sources */,
			);
			runOnlyForDeploymentPostprocessing = 0;
		};
/* End PBXSourcesBuildPhase section */

/* Begin PBXTargetDependency section */
		042FC14F2A8B4DED00CB8AAF /* PBXTargetDependency */ = {
			isa = PBXTargetDependency;
			target = 042FC13B2A8B4DEA00CB8AAF /* bindingPropertyWrapper */;
			targetProxy = 042FC14E2A8B4DED00CB8AAF /* PBXContainerItemProxy */;
		};
		042FC1592A8B4DED00CB8AAF /* PBXTargetDependency */ = {
			isa = PBXTargetDependency;
			target = 042FC13B2A8B4DEA00CB8AAF /* bindingPropertyWrapper */;
			targetProxy = 042FC1582A8B4DED00CB8AAF /* PBXContainerItemProxy */;
		};
/* End PBXTargetDependency section */

/* Begin XCBuildConfiguration section */
		042FC15F2A8B4DED00CB8AAF /* Debug */ = {
			isa = XCBuildConfiguration;
			buildSettings = {
				ALWAYS_SEARCH_USER_PATHS = NO;
				CLANG_ANALYZER_NONNULL = YES;
				CLANG_ANALYZER_NUMBER_OBJECT_CONVERSION = YES_AGGRESSIVE;
				CLANG_CXX_LANGUAGE_STANDARD = "gnu++20";
				CLANG_ENABLE_MODULES = YES;
				CLANG_ENABLE_OBJC_ARC = YES;
				CLANG_ENABLE_OBJC_WEAK = YES;
				CLANG_WARN_BLOCK_CAPTURE_AUTORELEASING = YES;
				CLANG_WARN_BOOL_CONVERSION = YES;
				CLANG_WARN_COMMA = YES;
				CLANG_WARN_CONSTANT_CONVERSION = YES;
				CLANG_WARN_DEPRECATED_OBJC_IMPLEMENTATIONS = YES;
				CLANG_WARN_DIRECT_OBJC_ISA_USAGE = YES_ERROR;
				CLANG_WARN_DOCUMENTATION_COMMENTS = YES;
				CLANG_WARN_EMPTY_BODY = YES;
				CLANG_WARN_ENUM_CONVERSION = YES;
				CLANG_WARN_INFINITE_RECURSION = YES;
				CLANG_WARN_INT_CONVERSION = YES;
				CLANG_WARN_NON_LITERAL_NULL_CONVERSION = YES;
				CLANG_WARN_OBJC_IMPLICIT_RETAIN_SELF = YES;
				CLANG_WARN_OBJC_LITERAL_CONVERSION = YES;
				CLANG_WARN_OBJC_ROOT_CLASS = YES_ERROR;
				CLANG_WARN_QUOTED_INCLUDE_IN_FRAMEWORK_HEADER = YES;
				CLANG_WARN_RANGE_LOOP_ANALYSIS = YES;
				CLANG_WARN_STRICT_PROTOTYPES = YES;
				CLANG_WARN_SUSPICIOUS_MOVE = YES;
				CLANG_WARN_UNGUARDED_AVAILABILITY = YES_AGGRESSIVE;
				CLANG_WARN_UNREACHABLE_CODE = YES;
				CLANG_WARN__DUPLICATE_METHOD_MATCH = YES;
				COPY_PHASE_STRIP = NO;
				DEBUG_INFORMATION_FORMAT = dwarf;
				ENABLE_STRICT_OBJC_MSGSEND = YES;
				ENABLE_TESTABILITY = YES;
				GCC_C_LANGUAGE_STANDARD = gnu11;
				GCC_DYNAMIC_NO_PIC = NO;
				GCC_NO_COMMON_BLOCKS = YES;
				GCC_OPTIMIZATION_LEVEL = 0;
				GCC_PREPROCESSOR_DEFINITIONS = (
					"DEBUG=1",
					"$(inherited)",
				);
				GCC_WARN_64_TO_32_BIT_CONVERSION = YES;
				GCC_WARN_ABOUT_RETURN_TYPE = YES_ERROR;
				GCC_WARN_UNDECLARED_SELECTOR = YES;
				GCC_WARN_UNINITIALIZED_AUTOS = YES_AGGRESSIVE;
				GCC_WARN_UNUSED_FUNCTION = YES;
				GCC_WARN_UNUSED_VARIABLE = YES;
				MTL_ENABLE_DEBUG_INFO = INCLUDE_SOURCE;
				MTL_FAST_MATH = YES;
				ONLY_ACTIVE_ARCH = YES;
				SWIFT_ACTIVE_COMPILATION_CONDITIONS = DEBUG;
				SWIFT_OPTIMIZATION_LEVEL = "-Onone";
			};
			name = Debug;
		};
		042FC1602A8B4DED00CB8AAF /* Release */ = {
			isa = XCBuildConfiguration;
			buildSettings = {
				ALWAYS_SEARCH_USER_PATHS = NO;
				CLANG_ANALYZER_NONNULL = YES;
				CLANG_ANALYZER_NUMBER_OBJECT_CONVERSION = YES_AGGRESSIVE;
				CLANG_CXX_LANGUAGE_STANDARD = "gnu++20";
				CLANG_ENABLE_MODULES = YES;
				CLANG_ENABLE_OBJC_ARC = YES;
				CLANG_ENABLE_OBJC_WEAK = YES;
				CLANG_WARN_BLOCK_CAPTURE_AUTORELEASING = YES;
				CLANG_WARN_BOOL_CONVERSION = YES;
				CLANG_WARN_COMMA = YES;
				CLANG_WARN_CONSTANT_CONVERSION = YES;
				CLANG_WARN_DEPRECATED_OBJC_IMPLEMENTATIONS = YES;
				CLANG_WARN_DIRECT_OBJC_ISA_USAGE = YES_ERROR;
				CLANG_WARN_DOCUMENTATION_COMMENTS = YES;
				CLANG_WARN_EMPTY_BODY = YES;
				CLANG_WARN_ENUM_CONVERSION = YES;
				CLANG_WARN_INFINITE_RECURSION = YES;
				CLANG_WARN_INT_CONVERSION = YES;
				CLANG_WARN_NON_LITERAL_NULL_CONVERSION = YES;
				CLANG_WARN_OBJC_IMPLICIT_RETAIN_SELF = YES;
				CLANG_WARN_OBJC_LITERAL_CONVERSION = YES;
				CLANG_WARN_OBJC_ROOT_CLASS = YES_ERROR;
				CLANG_WARN_QUOTED_INCLUDE_IN_FRAMEWORK_HEADER = YES;
				CLANG_WARN_RANGE_LOOP_ANALYSIS = YES;
				CLANG_WARN_STRICT_PROTOTYPES = YES;
				CLANG_WARN_SUSPICIOUS_MOVE = YES;
				CLANG_WARN_UNGUARDED_AVAILABILITY = YES_AGGRESSIVE;
				CLANG_WARN_UNREACHABLE_CODE = YES;
				CLANG_WARN__DUPLICATE_METHOD_MATCH = YES;
				COPY_PHASE_STRIP = NO;
				DEBUG_INFORMATION_FORMAT = "dwarf-with-dsym";
				ENABLE_NS_ASSERTIONS = NO;
				ENABLE_STRICT_OBJC_MSGSEND = YES;
				GCC_C_LANGUAGE_STANDARD = gnu11;
				GCC_NO_COMMON_BLOCKS = YES;
				GCC_WARN_64_TO_32_BIT_CONVERSION = YES;
				GCC_WARN_ABOUT_RETURN_TYPE = YES_ERROR;
				GCC_WARN_UNDECLARED_SELECTOR = YES;
				GCC_WARN_UNINITIALIZED_AUTOS = YES_AGGRESSIVE;
				GCC_WARN_UNUSED_FUNCTION = YES;
				GCC_WARN_UNUSED_VARIABLE = YES;
				MTL_ENABLE_DEBUG_INFO = NO;
				MTL_FAST_MATH = YES;
				SWIFT_COMPILATION_MODE = wholemodule;
				SWIFT_OPTIMIZATION_LEVEL = "-O";
			};
			name = Release;
		};
		042FC1622A8B4DED00CB8AAF /* Debug */ = {
			isa = XCBuildConfiguration;
			buildSettings = {
				ASSETCATALOG_COMPILER_APPICON_NAME = AppIcon;
				ASSETCATALOG_COMPILER_GLOBAL_ACCENT_COLOR_NAME = AccentColor;
				CODE_SIGN_ENTITLEMENTS = bindingPropertyWrapper/bindingPropertyWrapper.entitlements;
				CODE_SIGN_STYLE = Automatic;
				CURRENT_PROJECT_VERSION = 1;
				DEVELOPMENT_ASSET_PATHS = "\"bindingPropertyWrapper/Preview Content\"";
				ENABLE_PREVIEWS = YES;
				GENERATE_INFOPLIST_FILE = YES;
				"INFOPLIST_KEY_UIApplicationSceneManifest_Generation[sdk=iphoneos*]" = YES;
				"INFOPLIST_KEY_UIApplicationSceneManifest_Generation[sdk=iphonesimulator*]" = YES;
				"INFOPLIST_KEY_UIApplicationSupportsIndirectInputEvents[sdk=iphoneos*]" = YES;
				"INFOPLIST_KEY_UIApplicationSupportsIndirectInputEvents[sdk=iphonesimulator*]" = YES;
				"INFOPLIST_KEY_UILaunchScreen_Generation[sdk=iphoneos*]" = YES;
				"INFOPLIST_KEY_UILaunchScreen_Generation[sdk=iphonesimulator*]" = YES;
				"INFOPLIST_KEY_UIStatusBarStyle[sdk=iphoneos*]" = UIStatusBarStyleDefault;
				"INFOPLIST_KEY_UIStatusBarStyle[sdk=iphonesimulator*]" = UIStatusBarStyleDefault;
				INFOPLIST_KEY_UISupportedInterfaceOrientations_iPad = "UIInterfaceOrientationPortrait UIInterfaceOrientationPortraitUpsideDown UIInterfaceOrientationLandscapeLeft UIInterfaceOrientationLandscapeRight";
				INFOPLIST_KEY_UISupportedInterfaceOrientations_iPhone = "UIInterfaceOrientationPortrait UIInterfaceOrientationLandscapeLeft UIInterfaceOrientationLandscapeRight";
				IPHONEOS_DEPLOYMENT_TARGET = 16.4;
				LD_RUNPATH_SEARCH_PATHS = "@executable_path/Frameworks";
				"LD_RUNPATH_SEARCH_PATHS[sdk=macosx*]" = "@executable_path/../Frameworks";
				MACOSX_DEPLOYMENT_TARGET = 13.3;
				MARKETING_VERSION = 1.0;
				PRODUCT_BUNDLE_IDENTIFIER = "kah-identifier.bindingPropertyWrapper";
				PRODUCT_NAME = "$(TARGET_NAME)";
				SDKROOT = auto;
				SUPPORTED_PLATFORMS = "iphoneos iphonesimulator macosx";
				SWIFT_EMIT_LOC_STRINGS = YES;
				SWIFT_VERSION = 5.0;
				TARGETED_DEVICE_FAMILY = "1,2";
			};
			name = Debug;
		};
		042FC1632A8B4DED00CB8AAF /* Release */ = {
			isa = XCBuildConfiguration;
			buildSettings = {
				ASSETCATALOG_COMPILER_APPICON_NAME = AppIcon;
				ASSETCATALOG_COMPILER_GLOBAL_ACCENT_COLOR_NAME = AccentColor;
				CODE_SIGN_ENTITLEMENTS = bindingPropertyWrapper/bindingPropertyWrapper.entitlements;
				CODE_SIGN_STYLE = Automatic;
				CURRENT_PROJECT_VERSION = 1;
				DEVELOPMENT_ASSET_PATHS = "\"bindingPropertyWrapper/Preview Content\"";
				ENABLE_PREVIEWS = YES;
				GENERATE_INFOPLIST_FILE = YES;
				"INFOPLIST_KEY_UIApplicationSceneManifest_Generation[sdk=iphoneos*]" = YES;
				"INFOPLIST_KEY_UIApplicationSceneManifest_Generation[sdk=iphonesimulator*]" = YES;
				"INFOPLIST_KEY_UIApplicationSupportsIndirectInputEvents[sdk=iphoneos*]" = YES;
				"INFOPLIST_KEY_UIApplicationSupportsIndirectInputEvents[sdk=iphonesimulator*]" = YES;
				"INFOPLIST_KEY_UILaunchScreen_Generation[sdk=iphoneos*]" = YES;
				"INFOPLIST_KEY_UILaunchScreen_Generation[sdk=iphonesimulator*]" = YES;
				"INFOPLIST_KEY_UIStatusBarStyle[sdk=iphoneos*]" = UIStatusBarStyleDefault;
				"INFOPLIST_KEY_UIStatusBarStyle[sdk=iphonesimulator*]" = UIStatusBarStyleDefault;
				INFOPLIST_KEY_UISupportedInterfaceOrientations_iPad = "UIInterfaceOrientationPortrait UIInterfaceOrientationPortraitUpsideDown UIInterfaceOrientationLandscapeLeft UIInterfaceOrientationLandscapeRight";
				INFOPLIST_KEY_UISupportedInterfaceOrientations_iPhone = "UIInterfaceOrientationPortrait UIInterfaceOrientationLandscapeLeft UIInterfaceOrientationLandscapeRight";
				IPHONEOS_DEPLOYMENT_TARGET = 16.4;
				LD_RUNPATH_SEARCH_PATHS = "@executable_path/Frameworks";
				"LD_RUNPATH_SEARCH_PATHS[sdk=macosx*]" = "@executable_path/../Frameworks";
				MACOSX_DEPLOYMENT_TARGET = 13.3;
				MARKETING_VERSION = 1.0;
				PRODUCT_BUNDLE_IDENTIFIER = "kah-identifier.bindingPropertyWrapper";
				PRODUCT_NAME = "$(TARGET_NAME)";
				SDKROOT = auto;
				SUPPORTED_PLATFORMS = "iphoneos iphonesimulator macosx";
				SWIFT_EMIT_LOC_STRINGS = YES;
				SWIFT_VERSION = 5.0;
				TARGETED_DEVICE_FAMILY = "1,2";
			};
			name = Release;
		};
		042FC1652A8B4DED00CB8AAF /* Debug */ = {
			isa = XCBuildConfiguration;
			buildSettings = {
				ALWAYS_EMBED_SWIFT_STANDARD_LIBRARIES = YES;
				BUNDLE_LOADER = "$(TEST_HOST)";
				CODE_SIGN_STYLE = Automatic;
				CURRENT_PROJECT_VERSION = 1;
				GENERATE_INFOPLIST_FILE = YES;
				IPHONEOS_DEPLOYMENT_TARGET = 16.4;
				MACOSX_DEPLOYMENT_TARGET = 13.3;
				MARKETING_VERSION = 1.0;
				PRODUCT_BUNDLE_IDENTIFIER = "kah-identifier.bindingPropertyWrapperTests";
				PRODUCT_NAME = "$(TARGET_NAME)";
				SDKROOT = auto;
				SUPPORTED_PLATFORMS = "iphoneos iphonesimulator macosx";
				SWIFT_EMIT_LOC_STRINGS = NO;
				SWIFT_VERSION = 5.0;
				TARGETED_DEVICE_FAMILY = "1,2";
				TEST_HOST = "$(BUILT_PRODUCTS_DIR)/bindingPropertyWrapper.app/$(BUNDLE_EXECUTABLE_FOLDER_PATH)/bindingPropertyWrapper";
			};
			name = Debug;
		};
		042FC1662A8B4DED00CB8AAF /* Release */ = {
			isa = XCBuildConfiguration;
			buildSettings = {
				ALWAYS_EMBED_SWIFT_STANDARD_LIBRARIES = YES;
				BUNDLE_LOADER = "$(TEST_HOST)";
				CODE_SIGN_STYLE = Automatic;
				CURRENT_PROJECT_VERSION = 1;
				GENERATE_INFOPLIST_FILE = YES;
				IPHONEOS_DEPLOYMENT_TARGET = 16.4;
				MACOSX_DEPLOYMENT_TARGET = 13.3;
				MARKETING_VERSION = 1.0;
				PRODUCT_BUNDLE_IDENTIFIER = "kah-identifier.bindingPropertyWrapperTests";
				PRODUCT_NAME = "$(TARGET_NAME)";
				SDKROOT = auto;
				SUPPORTED_PLATFORMS = "iphoneos iphonesimulator macosx";
				SWIFT_EMIT_LOC_STRINGS = NO;
				SWIFT_VERSION = 5.0;
				TARGETED_DEVICE_FAMILY = "1,2";
				TEST_HOST = "$(BUILT_PRODUCTS_DIR)/bindingPropertyWrapper.app/$(BUNDLE_EXECUTABLE_FOLDER_PATH)/bindingPropertyWrapper";
			};
			name = Release;
		};
		042FC1682A8B4DED00CB8AAF /* Debug */ = {
			isa = XCBuildConfiguration;
			buildSettings = {
				ALWAYS_EMBED_SWIFT_STANDARD_LIBRARIES = YES;
				CODE_SIGN_STYLE = Automatic;
				CURRENT_PROJECT_VERSION = 1;
				GENERATE_INFOPLIST_FILE = YES;
				IPHONEOS_DEPLOYMENT_TARGET = 16.4;
				MACOSX_DEPLOYMENT_TARGET = 13.3;
				MARKETING_VERSION = 1.0;
				PRODUCT_BUNDLE_IDENTIFIER = "kah-identifier.bindingPropertyWrapperUITests";
				PRODUCT_NAME = "$(TARGET_NAME)";
				SDKROOT = auto;
				SUPPORTED_PLATFORMS = "iphoneos iphonesimulator macosx";
				SWIFT_EMIT_LOC_STRINGS = NO;
				SWIFT_VERSION = 5.0;
				TARGETED_DEVICE_FAMILY = "1,2";
				TEST_TARGET_NAME = bindingPropertyWrapper;
			};
			name = Debug;
		};
		042FC1692A8B4DED00CB8AAF /* Release */ = {
			isa = XCBuildConfiguration;
			buildSettings = {
				ALWAYS_EMBED_SWIFT_STANDARD_LIBRARIES = YES;
				CODE_SIGN_STYLE = Automatic;
				CURRENT_PROJECT_VERSION = 1;
				GENERATE_INFOPLIST_FILE = YES;
				IPHONEOS_DEPLOYMENT_TARGET = 16.4;
				MACOSX_DEPLOYMENT_TARGET = 13.3;
				MARKETING_VERSION = 1.0;
				PRODUCT_BUNDLE_IDENTIFIER = "kah-identifier.bindingPropertyWrapperUITests";
				PRODUCT_NAME = "$(TARGET_NAME)";
				SDKROOT = auto;
				SUPPORTED_PLATFORMS = "iphoneos iphonesimulator macosx";
				SWIFT_EMIT_LOC_STRINGS = NO;
				SWIFT_VERSION = 5.0;
				TARGETED_DEVICE_FAMILY = "1,2";
				TEST_TARGET_NAME = bindingPropertyWrapper;
			};
			name = Release;
		};
/* End XCBuildConfiguration section */

/* Begin XCConfigurationList section */
		042FC1372A8B4DEA00CB8AAF /* Build configuration list for PBXProject "bindingPropertyWrapper" */ = {
			isa = XCConfigurationList;
			buildConfigurations = (
				042FC15F2A8B4DED00CB8AAF /* Debug */,
				042FC1602A8B4DED00CB8AAF /* Release */,
			);
			defaultConfigurationIsVisible = 0;
			defaultConfigurationName = Release;
		};
		042FC1612A8B4DED00CB8AAF /* Build configuration list for PBXNativeTarget "bindingPropertyWrapper" */ = {
			isa = XCConfigurationList;
			buildConfigurations = (
				042FC1622A8B4DED00CB8AAF /* Debug */,
				042FC1632A8B4DED00CB8AAF /* Release */,
			);
			defaultConfigurationIsVisible = 0;
			defaultConfigurationName = Release;
		};
		042FC1642A8B4DED00CB8AAF /* Build configuration list for PBXNativeTarget "bindingPropertyWrapperTests" */ = {
			isa = XCConfigurationList;
			buildConfigurations = (
				042FC1652A8B4DED00CB8AAF /* Debug */,
				042FC1662A8B4DED00CB8AAF /* Release */,
			);
			defaultConfigurationIsVisible = 0;
			defaultConfigurationName = Release;
		};
		042FC1672A8B4DED00CB8AAF /* Build configuration list for PBXNativeTarget "bindingPropertyWrapperUITests" */ = {
			isa = XCConfigurationList;
			buildConfigurations = (
				042FC1682A8B4DED00CB8AAF /* Debug */,
				042FC1692A8B4DED00CB8AAF /* Release */,
			);
			defaultConfigurationIsVisible = 0;
			defaultConfigurationName = Release;
		};
/* End XCConfigurationList section */
	};
	rootObject = 042FC1342A8B4DEA00CB8AAF /* Project object */;
}
