// !$*UTF8*$!
{
	archiveVersion = 1;
	classes = {
	};
	objectVersion = 56;
	objects = {

/* Begin PBXBuildFile section */
		041AC3C62A95E26100D5CFEA /* MapView_using_SwiftUIApp.swift in Sources */ = {isa = PBXBuildFile; fileRef = 041AC3C52A95E26100D5CFEA /* MapView_using_SwiftUIApp.swift */; };
		041AC3C82A95E26100D5CFEA /* ContentView.swift in Sources */ = {isa = PBXBuildFile; fileRef = 041AC3C72A95E26100D5CFEA /* ContentView.swift */; };
		041AC3CA2A95E26300D5CFEA /* Assets.xcassets in Resources */ = {isa = PBXBuildFile; fileRef = 041AC3C92A95E26300D5CFEA /* Assets.xcassets */; };
		041AC3CD2A95E26300D5CFEA /* Preview Assets.xcassets in Resources */ = {isa = PBXBuildFile; fileRef = 041AC3CC2A95E26300D5CFEA /* Preview Assets.xcassets */; };
		041AC3D72A95E26300D5CFEA /* MapView_using_SwiftUITests.swift in Sources */ = {isa = PBXBuildFile; fileRef = 041AC3D62A95E26300D5CFEA /* MapView_using_SwiftUITests.swift */; };
		041AC3E12A95E26300D5CFEA /* MapView_using_SwiftUIUITests.swift in Sources */ = {isa = PBXBuildFile; fileRef = 041AC3E02A95E26300D5CFEA /* MapView_using_SwiftUIUITests.swift */; };
		041AC3E32A95E26300D5CFEA /* MapView_using_SwiftUIUITestsLaunchTests.swift in Sources */ = {isa = PBXBuildFile; fileRef = 041AC3E22A95E26300D5CFEA /* MapView_using_SwiftUIUITestsLaunchTests.swift */; };
		041AC3F12A95EB5D00D5CFEA /* MapView.swift in Sources */ = {isa = PBXBuildFile; fileRef = 041AC3F02A95EB5D00D5CFEA /* MapView.swift */; };
/* End PBXBuildFile section */

/* Begin PBXContainerItemProxy section */
		041AC3D32A95E26300D5CFEA /* PBXContainerItemProxy */ = {
			isa = PBXContainerItemProxy;
			containerPortal = 041AC3BA2A95E26100D5CFEA /* Project object */;
			proxyType = 1;
			remoteGlobalIDString = 041AC3C12A95E26100D5CFEA;
			remoteInfo = MapView_using_SwiftUI;
		};
		041AC3DD2A95E26300D5CFEA /* PBXContainerItemProxy */ = {
			isa = PBXContainerItemProxy;
			containerPortal = 041AC3BA2A95E26100D5CFEA /* Project object */;
			proxyType = 1;
			remoteGlobalIDString = 041AC3C12A95E26100D5CFEA;
			remoteInfo = MapView_using_SwiftUI;
		};
/* End PBXContainerItemProxy section */

/* Begin PBXFileReference section */
		041AC3C22A95E26100D5CFEA /* MapView_using_SwiftUI.app */ = {isa = PBXFileReference; explicitFileType = wrapper.application; includeInIndex = 0; path = MapView_using_SwiftUI.app; sourceTree = BUILT_PRODUCTS_DIR; };
		041AC3C52A95E26100D5CFEA /* MapView_using_SwiftUIApp.swift */ = {isa = PBXFileReference; lastKnownFileType = sourcecode.swift; path = MapView_using_SwiftUIApp.swift; sourceTree = "<group>"; };
		041AC3C72A95E26100D5CFEA /* ContentView.swift */ = {isa = PBXFileReference; lastKnownFileType = sourcecode.swift; path = ContentView.swift; sourceTree = "<group>"; };
		041AC3C92A95E26300D5CFEA /* Assets.xcassets */ = {isa = PBXFileReference; lastKnownFileType = folder.assetcatalog; path = Assets.xcassets; sourceTree = "<group>"; };
		041AC3CC2A95E26300D5CFEA /* Preview Assets.xcassets */ = {isa = PBXFileReference; lastKnownFileType = folder.assetcatalog; path = "Preview Assets.xcassets"; sourceTree = "<group>"; };
		041AC3D22A95E26300D5CFEA /* MapView_using_SwiftUITests.xctest */ = {isa = PBXFileReference; explicitFileType = wrapper.cfbundle; includeInIndex = 0; path = MapView_using_SwiftUITests.xctest; sourceTree = BUILT_PRODUCTS_DIR; };
		041AC3D62A95E26300D5CFEA /* MapView_using_SwiftUITests.swift */ = {isa = PBXFileReference; lastKnownFileType = sourcecode.swift; path = MapView_using_SwiftUITests.swift; sourceTree = "<group>"; };
		041AC3DC2A95E26300D5CFEA /* MapView_using_SwiftUIUITests.xctest */ = {isa = PBXFileReference; explicitFileType = wrapper.cfbundle; includeInIndex = 0; path = MapView_using_SwiftUIUITests.xctest; sourceTree = BUILT_PRODUCTS_DIR; };
		041AC3E02A95E26300D5CFEA /* MapView_using_SwiftUIUITests.swift */ = {isa = PBXFileReference; lastKnownFileType = sourcecode.swift; path = MapView_using_SwiftUIUITests.swift; sourceTree = "<group>"; };
		041AC3E22A95E26300D5CFEA /* MapView_using_SwiftUIUITestsLaunchTests.swift */ = {isa = PBXFileReference; lastKnownFileType = sourcecode.swift; path = MapView_using_SwiftUIUITestsLaunchTests.swift; sourceTree = "<group>"; };
		041AC3F02A95EB5D00D5CFEA /* MapView.swift */ = {isa = PBXFileReference; lastKnownFileType = sourcecode.swift; path = MapView.swift; sourceTree = "<group>"; };
/* End PBXFileReference section */

/* Begin PBXFrameworksBuildPhase section */
		041AC3BF2A95E26100D5CFEA /* Frameworks */ = {
			isa = PBXFrameworksBuildPhase;
			buildActionMask = 2147483647;
			files = (
			);
			runOnlyForDeploymentPostprocessing = 0;
		};
		041AC3CF2A95E26300D5CFEA /* Frameworks */ = {
			isa = PBXFrameworksBuildPhase;
			buildActionMask = 2147483647;
			files = (
			);
			runOnlyForDeploymentPostprocessing = 0;
		};
		041AC3D92A95E26300D5CFEA /* Frameworks */ = {
			isa = PBXFrameworksBuildPhase;
			buildActionMask = 2147483647;
			files = (
			);
			runOnlyForDeploymentPostprocessing = 0;
		};
/* End PBXFrameworksBuildPhase section */

/* Begin PBXGroup section */
		041AC3B92A95E26100D5CFEA = {
			isa = PBXGroup;
			children = (
				041AC3C42A95E26100D5CFEA /* MapView_using_SwiftUI */,
				041AC3D52A95E26300D5CFEA /* MapView_using_SwiftUITests */,
				041AC3DF2A95E26300D5CFEA /* MapView_using_SwiftUIUITests */,
				041AC3C32A95E26100D5CFEA /* Products */,
			);
			sourceTree = "<group>";
		};
		041AC3C32A95E26100D5CFEA /* Products */ = {
			isa = PBXGroup;
			children = (
				041AC3C22A95E26100D5CFEA /* MapView_using_SwiftUI.app */,
				041AC3D22A95E26300D5CFEA /* MapView_using_SwiftUITests.xctest */,
				041AC3DC2A95E26300D5CFEA /* MapView_using_SwiftUIUITests.xctest */,
			);
			name = Products;
			sourceTree = "<group>";
		};
		041AC3C42A95E26100D5CFEA /* MapView_using_SwiftUI */ = {
			isa = PBXGroup;
			children = (
				041AC3EF2A95EB3200D5CFEA /* View */,
				041AC3C52A95E26100D5CFEA /* MapView_using_SwiftUIApp.swift */,
				041AC3C72A95E26100D5CFEA /* ContentView.swift */,
				041AC3C92A95E26300D5CFEA /* Assets.xcassets */,
				041AC3CB2A95E26300D5CFEA /* Preview Content */,
			);
			path = MapView_using_SwiftUI;
			sourceTree = "<group>";
		};
		041AC3CB2A95E26300D5CFEA /* Preview Content */ = {
			isa = PBXGroup;
			children = (
				041AC3CC2A95E26300D5CFEA /* Preview Assets.xcassets */,
			);
			path = "Preview Content";
			sourceTree = "<group>";
		};
		041AC3D52A95E26300D5CFEA /* MapView_using_SwiftUITests */ = {
			isa = PBXGroup;
			children = (
				041AC3D62A95E26300D5CFEA /* MapView_using_SwiftUITests.swift */,
			);
			path = MapView_using_SwiftUITests;
			sourceTree = "<group>";
		};
		041AC3DF2A95E26300D5CFEA /* MapView_using_SwiftUIUITests */ = {
			isa = PBXGroup;
			children = (
				041AC3E02A95E26300D5CFEA /* MapView_using_SwiftUIUITests.swift */,
				041AC3E22A95E26300D5CFEA /* MapView_using_SwiftUIUITestsLaunchTests.swift */,
			);
			path = MapView_using_SwiftUIUITests;
			sourceTree = "<group>";
		};
		041AC3EF2A95EB3200D5CFEA /* View */ = {
			isa = PBXGroup;
			children = (
				041AC3F02A95EB5D00D5CFEA /* MapView.swift */,
			);
			path = View;
			sourceTree = "<group>";
		};
/* End PBXGroup section */

/* Begin PBXNativeTarget section */
		041AC3C12A95E26100D5CFEA /* MapView_using_SwiftUI */ = {
			isa = PBXNativeTarget;
			buildConfigurationList = 041AC3E62A95E26300D5CFEA /* Build configuration list for PBXNativeTarget "MapView_using_SwiftUI" */;
			buildPhases = (
				041AC3BE2A95E26100D5CFEA /* Sources */,
				041AC3BF2A95E26100D5CFEA /* Frameworks */,
				041AC3C02A95E26100D5CFEA /* Resources */,
			);
			buildRules = (
			);
			dependencies = (
			);
			name = MapView_using_SwiftUI;
			productName = MapView_using_SwiftUI;
			productReference = 041AC3C22A95E26100D5CFEA /* MapView_using_SwiftUI.app */;
			productType = "com.apple.product-type.application";
		};
		041AC3D12A95E26300D5CFEA /* MapView_using_SwiftUITests */ = {
			isa = PBXNativeTarget;
			buildConfigurationList = 041AC3E92A95E26300D5CFEA /* Build configuration list for PBXNativeTarget "MapView_using_SwiftUITests" */;
			buildPhases = (
				041AC3CE2A95E26300D5CFEA /* Sources */,
				041AC3CF2A95E26300D5CFEA /* Frameworks */,
				041AC3D02A95E26300D5CFEA /* Resources */,
			);
			buildRules = (
			);
			dependencies = (
				041AC3D42A95E26300D5CFEA /* PBXTargetDependency */,
			);
			name = MapView_using_SwiftUITests;
			productName = MapView_using_SwiftUITests;
			productReference = 041AC3D22A95E26300D5CFEA /* MapView_using_SwiftUITests.xctest */;
			productType = "com.apple.product-type.bundle.unit-test";
		};
		041AC3DB2A95E26300D5CFEA /* MapView_using_SwiftUIUITests */ = {
			isa = PBXNativeTarget;
			buildConfigurationList = 041AC3EC2A95E26300D5CFEA /* Build configuration list for PBXNativeTarget "MapView_using_SwiftUIUITests" */;
			buildPhases = (
				041AC3D82A95E26300D5CFEA /* Sources */,
				041AC3D92A95E26300D5CFEA /* Frameworks */,
				041AC3DA2A95E26300D5CFEA /* Resources */,
			);
			buildRules = (
			);
			dependencies = (
				041AC3DE2A95E26300D5CFEA /* PBXTargetDependency */,
			);
			name = MapView_using_SwiftUIUITests;
			productName = MapView_using_SwiftUIUITests;
			productReference = 041AC3DC2A95E26300D5CFEA /* MapView_using_SwiftUIUITests.xctest */;
			productType = "com.apple.product-type.bundle.ui-testing";
		};
/* End PBXNativeTarget section */

/* Begin PBXProject section */
		041AC3BA2A95E26100D5CFEA /* Project object */ = {
			isa = PBXProject;
			attributes = {
				BuildIndependentTargetsInParallel = 1;
				LastSwiftUpdateCheck = 1430;
				LastUpgradeCheck = 1430;
				TargetAttributes = {
					041AC3C12A95E26100D5CFEA = {
						CreatedOnToolsVersion = 14.3.1;
					};
					041AC3D12A95E26300D5CFEA = {
						CreatedOnToolsVersion = 14.3.1;
						TestTargetID = 041AC3C12A95E26100D5CFEA;
					};
					041AC3DB2A95E26300D5CFEA = {
						CreatedOnToolsVersion = 14.3.1;
						TestTargetID = 041AC3C12A95E26100D5CFEA;
					};
				};
			};
			buildConfigurationList = 041AC3BD2A95E26100D5CFEA /* Build configuration list for PBXProject "MapView_using_SwiftUI" */;
			compatibilityVersion = "Xcode 14.0";
			developmentRegion = en;
			hasScannedForEncodings = 0;
			knownRegions = (
				en,
				Base,
			);
			mainGroup = 041AC3B92A95E26100D5CFEA;
			productRefGroup = 041AC3C32A95E26100D5CFEA /* Products */;
			projectDirPath = "";
			projectRoot = "";
			targets = (
				041AC3C12A95E26100D5CFEA /* MapView_using_SwiftUI */,
				041AC3D12A95E26300D5CFEA /* MapView_using_SwiftUITests */,
				041AC3DB2A95E26300D5CFEA /* MapView_using_SwiftUIUITests */,
			);
		};
/* End PBXProject section */

/* Begin PBXResourcesBuildPhase section */
		041AC3C02A95E26100D5CFEA /* Resources */ = {
			isa = PBXResourcesBuildPhase;
			buildActionMask = 2147483647;
			files = (
				041AC3CD2A95E26300D5CFEA /* Preview Assets.xcassets in Resources */,
				041AC3CA2A95E26300D5CFEA /* Assets.xcassets in Resources */,
			);
			runOnlyForDeploymentPostprocessing = 0;
		};
		041AC3D02A95E26300D5CFEA /* Resources */ = {
			isa = PBXResourcesBuildPhase;
			buildActionMask = 2147483647;
			files = (
			);
			runOnlyForDeploymentPostprocessing = 0;
		};
		041AC3DA2A95E26300D5CFEA /* Resources */ = {
			isa = PBXResourcesBuildPhase;
			buildActionMask = 2147483647;
			files = (
			);
			runOnlyForDeploymentPostprocessing = 0;
		};
/* End PBXResourcesBuildPhase section */

/* Begin PBXSourcesBuildPhase section */
		041AC3BE2A95E26100D5CFEA /* Sources */ = {
			isa = PBXSourcesBuildPhase;
			buildActionMask = 2147483647;
			files = (
				041AC3C82A95E26100D5CFEA /* ContentView.swift in Sources */,
				041AC3F12A95EB5D00D5CFEA /* MapView.swift in Sources */,
				041AC3C62A95E26100D5CFEA /* MapView_using_SwiftUIApp.swift in Sources */,
			);
			runOnlyForDeploymentPostprocessing = 0;
		};
		041AC3CE2A95E26300D5CFEA /* Sources */ = {
			isa = PBXSourcesBuildPhase;
			buildActionMask = 2147483647;
			files = (
				041AC3D72A95E26300D5CFEA /* MapView_using_SwiftUITests.swift in Sources */,
			);
			runOnlyForDeploymentPostprocessing = 0;
		};
		041AC3D82A95E26300D5CFEA /* Sources */ = {
			isa = PBXSourcesBuildPhase;
			buildActionMask = 2147483647;
			files = (
				041AC3E12A95E26300D5CFEA /* MapView_using_SwiftUIUITests.swift in Sources */,
				041AC3E32A95E26300D5CFEA /* MapView_using_SwiftUIUITestsLaunchTests.swift in Sources */,
			);
			runOnlyForDeploymentPostprocessing = 0;
		};
/* End PBXSourcesBuildPhase section */

/* Begin PBXTargetDependency section */
		041AC3D42A95E26300D5CFEA /* PBXTargetDependency */ = {
			isa = PBXTargetDependency;
			target = 041AC3C12A95E26100D5CFEA /* MapView_using_SwiftUI */;
			targetProxy = 041AC3D32A95E26300D5CFEA /* PBXContainerItemProxy */;
		};
		041AC3DE2A95E26300D5CFEA /* PBXTargetDependency */ = {
			isa = PBXTargetDependency;
			target = 041AC3C12A95E26100D5CFEA /* MapView_using_SwiftUI */;
			targetProxy = 041AC3DD2A95E26300D5CFEA /* PBXContainerItemProxy */;
		};
/* End PBXTargetDependency section */

/* Begin XCBuildConfiguration section */
		041AC3E42A95E26300D5CFEA /* Debug */ = {
			isa = XCBuildConfiguration;
			buildSettings = {
				ALWAYS_SEARCH_USER_PATHS = NO;
				CLANG_ANALYZER_NONNULL = YES;
				CLANG_ANALYZER_NUMBER_OBJECT_CONVERSION = YES_AGGRESSIVE;
				CLANG_CXX_LANGUAGE_STANDARD = "gnu++20";
				CLANG_ENABLE_MODULES = YES;
				CLANG_ENABLE_OBJC_ARC = YES;
				CLANG_ENABLE_OBJC_WEAK = YES;
				CLANG_WARN_BLOCK_CAPTURE_AUTORELEASING = YES;
				CLANG_WARN_BOOL_CONVERSION = YES;
				CLANG_WARN_COMMA = YES;
				CLANG_WARN_CONSTANT_CONVERSION = YES;
				CLANG_WARN_DEPRECATED_OBJC_IMPLEMENTATIONS = YES;
				CLANG_WARN_DIRECT_OBJC_ISA_USAGE = YES_ERROR;
				CLANG_WARN_DOCUMENTATION_COMMENTS = YES;
				CLANG_WARN_EMPTY_BODY = YES;
				CLANG_WARN_ENUM_CONVERSION = YES;
				CLANG_WARN_INFINITE_RECURSION = YES;
				CLANG_WARN_INT_CONVERSION = YES;
				CLANG_WARN_NON_LITERAL_NULL_CONVERSION = YES;
				CLANG_WARN_OBJC_IMPLICIT_RETAIN_SELF = YES;
				CLANG_WARN_OBJC_LITERAL_CONVERSION = YES;
				CLANG_WARN_OBJC_ROOT_CLASS = YES_ERROR;
				CLANG_WARN_QUOTED_INCLUDE_IN_FRAMEWORK_HEADER = YES;
				CLANG_WARN_RANGE_LOOP_ANALYSIS = YES;
				CLANG_WARN_STRICT_PROTOTYPES = YES;
				CLANG_WARN_SUSPICIOUS_MOVE = YES;
				CLANG_WARN_UNGUARDED_AVAILABILITY = YES_AGGRESSIVE;
				CLANG_WARN_UNREACHABLE_CODE = YES;
				CLANG_WARN__DUPLICATE_METHOD_MATCH = YES;
				COPY_PHASE_STRIP = NO;
				DEBUG_INFORMATION_FORMAT = dwarf;
				ENABLE_STRICT_OBJC_MSGSEND = YES;
				ENABLE_TESTABILITY = YES;
				GCC_C_LANGUAGE_STANDARD = gnu11;
				GCC_DYNAMIC_NO_PIC = NO;
				GCC_NO_COMMON_BLOCKS = YES;
				GCC_OPTIMIZATION_LEVEL = 0;
				GCC_PREPROCESSOR_DEFINITIONS = (
					"DEBUG=1",
					"$(inherited)",
				);
				GCC_WARN_64_TO_32_BIT_CONVERSION = YES;
				GCC_WARN_ABOUT_RETURN_TYPE = YES_ERROR;
				GCC_WARN_UNDECLARED_SELECTOR = YES;
				GCC_WARN_UNINITIALIZED_AUTOS = YES_AGGRESSIVE;
				GCC_WARN_UNUSED_FUNCTION = YES;
				GCC_WARN_UNUSED_VARIABLE = YES;
				IPHONEOS_DEPLOYMENT_TARGET = 16.4;
				MTL_ENABLE_DEBUG_INFO = INCLUDE_SOURCE;
				MTL_FAST_MATH = YES;
				ONLY_ACTIVE_ARCH = YES;
				SDKROOT = iphoneos;
				SWIFT_ACTIVE_COMPILATION_CONDITIONS = DEBUG;
				SWIFT_OPTIMIZATION_LEVEL = "-Onone";
			};
			name = Debug;
		};
		041AC3E52A95E26300D5CFEA /* Release */ = {
			isa = XCBuildConfiguration;
			buildSettings = {
				ALWAYS_SEARCH_USER_PATHS = NO;
				CLANG_ANALYZER_NONNULL = YES;
				CLANG_ANALYZER_NUMBER_OBJECT_CONVERSION = YES_AGGRESSIVE;
				CLANG_CXX_LANGUAGE_STANDARD = "gnu++20";
				CLANG_ENABLE_MODULES = YES;
				CLANG_ENABLE_OBJC_ARC = YES;
				CLANG_ENABLE_OBJC_WEAK = YES;
				CLANG_WARN_BLOCK_CAPTURE_AUTORELEASING = YES;
				CLANG_WARN_BOOL_CONVERSION = YES;
				CLANG_WARN_COMMA = YES;
				CLANG_WARN_CONSTANT_CONVERSION = YES;
				CLANG_WARN_DEPRECATED_OBJC_IMPLEMENTATIONS = YES;
				CLANG_WARN_DIRECT_OBJC_ISA_USAGE = YES_ERROR;
				CLANG_WARN_DOCUMENTATION_COMMENTS = YES;
				CLANG_WARN_EMPTY_BODY = YES;
				CLANG_WARN_ENUM_CONVERSION = YES;
				CLANG_WARN_INFINITE_RECURSION = YES;
				CLANG_WARN_INT_CONVERSION = YES;
				CLANG_WARN_NON_LITERAL_NULL_CONVERSION = YES;
				CLANG_WARN_OBJC_IMPLICIT_RETAIN_SELF = YES;
				CLANG_WARN_OBJC_LITERAL_CONVERSION = YES;
				CLANG_WARN_OBJC_ROOT_CLASS = YES_ERROR;
				CLANG_WARN_QUOTED_INCLUDE_IN_FRAMEWORK_HEADER = YES;
				CLANG_WARN_RANGE_LOOP_ANALYSIS = YES;
				CLANG_WARN_STRICT_PROTOTYPES = YES;
				CLANG_WARN_SUSPICIOUS_MOVE = YES;
				CLANG_WARN_UNGUARDED_AVAILABILITY = YES_AGGRESSIVE;
				CLANG_WARN_UNREACHABLE_CODE = YES;
				CLANG_WARN__DUPLICATE_METHOD_MATCH = YES;
				COPY_PHASE_STRIP = NO;
				DEBUG_INFORMATION_FORMAT = "dwarf-with-dsym";
				ENABLE_NS_ASSERTIONS = NO;
				ENABLE_STRICT_OBJC_MSGSEND = YES;
				GCC_C_LANGUAGE_STANDARD = gnu11;
				GCC_NO_COMMON_BLOCKS = YES;
				GCC_WARN_64_TO_32_BIT_CONVERSION = YES;
				GCC_WARN_ABOUT_RETURN_TYPE = YES_ERROR;
				GCC_WARN_UNDECLARED_SELECTOR = YES;
				GCC_WARN_UNINITIALIZED_AUTOS = YES_AGGRESSIVE;
				GCC_WARN_UNUSED_FUNCTION = YES;
				GCC_WARN_UNUSED_VARIABLE = YES;
				IPHONEOS_DEPLOYMENT_TARGET = 16.4;
				MTL_ENABLE_DEBUG_INFO = NO;
				MTL_FAST_MATH = YES;
				SDKROOT = iphoneos;
				SWIFT_COMPILATION_MODE = wholemodule;
				SWIFT_OPTIMIZATION_LEVEL = "-O";
				VALIDATE_PRODUCT = YES;
			};
			name = Release;
		};
		041AC3E72A95E26300D5CFEA /* Debug */ = {
			isa = XCBuildConfiguration;
			buildSettings = {
				ASSETCATALOG_COMPILER_APPICON_NAME = AppIcon;
				ASSETCATALOG_COMPILER_GLOBAL_ACCENT_COLOR_NAME = AccentColor;
				CODE_SIGN_STYLE = Automatic;
				CURRENT_PROJECT_VERSION = 1;
				DEVELOPMENT_ASSET_PATHS = "\"MapView_using_SwiftUI/Preview Content\"";
				ENABLE_PREVIEWS = YES;
				GENERATE_INFOPLIST_FILE = YES;
				INFOPLIST_KEY_UIApplicationSceneManifest_Generation = YES;
				INFOPLIST_KEY_UIApplicationSupportsIndirectInputEvents = YES;
				INFOPLIST_KEY_UILaunchScreen_Generation = YES;
				INFOPLIST_KEY_UISupportedInterfaceOrientations_iPad = "UIInterfaceOrientationPortrait UIInterfaceOrientationPortraitUpsideDown UIInterfaceOrientationLandscapeLeft UIInterfaceOrientationLandscapeRight";
				INFOPLIST_KEY_UISupportedInterfaceOrientations_iPhone = "UIInterfaceOrientationPortrait UIInterfaceOrientationLandscapeLeft UIInterfaceOrientationLandscapeRight";
				LD_RUNPATH_SEARCH_PATHS = (
					"$(inherited)",
					"@executable_path/Frameworks",
				);
				MARKETING_VERSION = 1.0;
				PRODUCT_BUNDLE_IDENTIFIER = "kah-identifier.MapView-using-SwiftUI";
				PRODUCT_NAME = "$(TARGET_NAME)";
				SWIFT_EMIT_LOC_STRINGS = YES;
				SWIFT_VERSION = 5.0;
				TARGETED_DEVICE_FAMILY = "1,2";
			};
			name = Debug;
		};
		041AC3E82A95E26300D5CFEA /* Release */ = {
			isa = XCBuildConfiguration;
			buildSettings = {
				ASSETCATALOG_COMPILER_APPICON_NAME = AppIcon;
				ASSETCATALOG_COMPILER_GLOBAL_ACCENT_COLOR_NAME = AccentColor;
				CODE_SIGN_STYLE = Automatic;
				CURRENT_PROJECT_VERSION = 1;
				DEVELOPMENT_ASSET_PATHS = "\"MapView_using_SwiftUI/Preview Content\"";
				ENABLE_PREVIEWS = YES;
				GENERATE_INFOPLIST_FILE = YES;
				INFOPLIST_KEY_UIApplicationSceneManifest_Generation = YES;
				INFOPLIST_KEY_UIApplicationSupportsIndirectInputEvents = YES;
				INFOPLIST_KEY_UILaunchScreen_Generation = YES;
				INFOPLIST_KEY_UISupportedInterfaceOrientations_iPad = "UIInterfaceOrientationPortrait UIInterfaceOrientationPortraitUpsideDown UIInterfaceOrientationLandscapeLeft UIInterfaceOrientationLandscapeRight";
				INFOPLIST_KEY_UISupportedInterfaceOrientations_iPhone = "UIInterfaceOrientationPortrait UIInterfaceOrientationLandscapeLeft UIInterfaceOrientationLandscapeRight";
				LD_RUNPATH_SEARCH_PATHS = (
					"$(inherited)",
					"@executable_path/Frameworks",
				);
				MARKETING_VERSION = 1.0;
				PRODUCT_BUNDLE_IDENTIFIER = "kah-identifier.MapView-using-SwiftUI";
				PRODUCT_NAME = "$(TARGET_NAME)";
				SWIFT_EMIT_LOC_STRINGS = YES;
				SWIFT_VERSION = 5.0;
				TARGETED_DEVICE_FAMILY = "1,2";
			};
			name = Release;
		};
		041AC3EA2A95E26300D5CFEA /* Debug */ = {
			isa = XCBuildConfiguration;
			buildSettings = {
				ALWAYS_EMBED_SWIFT_STANDARD_LIBRARIES = YES;
				BUNDLE_LOADER = "$(TEST_HOST)";
				CODE_SIGN_STYLE = Automatic;
				CURRENT_PROJECT_VERSION = 1;
				GENERATE_INFOPLIST_FILE = YES;
				IPHONEOS_DEPLOYMENT_TARGET = 16.4;
				MARKETING_VERSION = 1.0;
				PRODUCT_BUNDLE_IDENTIFIER = "kah-identifier.MapView-using-SwiftUITests";
				PRODUCT_NAME = "$(TARGET_NAME)";
				SWIFT_EMIT_LOC_STRINGS = NO;
				SWIFT_VERSION = 5.0;
				TARGETED_DEVICE_FAMILY = "1,2";
				TEST_HOST = "$(BUILT_PRODUCTS_DIR)/MapView_using_SwiftUI.app/$(BUNDLE_EXECUTABLE_FOLDER_PATH)/MapView_using_SwiftUI";
			};
			name = Debug;
		};
		041AC3EB2A95E26300D5CFEA /* Release */ = {
			isa = XCBuildConfiguration;
			buildSettings = {
				ALWAYS_EMBED_SWIFT_STANDARD_LIBRARIES = YES;
				BUNDLE_LOADER = "$(TEST_HOST)";
				CODE_SIGN_STYLE = Automatic;
				CURRENT_PROJECT_VERSION = 1;
				GENERATE_INFOPLIST_FILE = YES;
				IPHONEOS_DEPLOYMENT_TARGET = 16.4;
				MARKETING_VERSION = 1.0;
				PRODUCT_BUNDLE_IDENTIFIER = "kah-identifier.MapView-using-SwiftUITests";
				PRODUCT_NAME = "$(TARGET_NAME)";
				SWIFT_EMIT_LOC_STRINGS = NO;
				SWIFT_VERSION = 5.0;
				TARGETED_DEVICE_FAMILY = "1,2";
				TEST_HOST = "$(BUILT_PRODUCTS_DIR)/MapView_using_SwiftUI.app/$(BUNDLE_EXECUTABLE_FOLDER_PATH)/MapView_using_SwiftUI";
			};
			name = Release;
		};
		041AC3ED2A95E26300D5CFEA /* Debug */ = {
			isa = XCBuildConfiguration;
			buildSettings = {
				ALWAYS_EMBED_SWIFT_STANDARD_LIBRARIES = YES;
				CODE_SIGN_STYLE = Automatic;
				CURRENT_PROJECT_VERSION = 1;
				GENERATE_INFOPLIST_FILE = YES;
				MARKETING_VERSION = 1.0;
				PRODUCT_BUNDLE_IDENTIFIER = "kah-identifier.MapView-using-SwiftUIUITests";
				PRODUCT_NAME = "$(TARGET_NAME)";
				SWIFT_EMIT_LOC_STRINGS = NO;
				SWIFT_VERSION = 5.0;
				TARGETED_DEVICE_FAMILY = "1,2";
				TEST_TARGET_NAME = MapView_using_SwiftUI;
			};
			name = Debug;
		};
		041AC3EE2A95E26300D5CFEA /* Release */ = {
			isa = XCBuildConfiguration;
			buildSettings = {
				ALWAYS_EMBED_SWIFT_STANDARD_LIBRARIES = YES;
				CODE_SIGN_STYLE = Automatic;
				CURRENT_PROJECT_VERSION = 1;
				GENERATE_INFOPLIST_FILE = YES;
				MARKETING_VERSION = 1.0;
				PRODUCT_BUNDLE_IDENTIFIER = "kah-identifier.MapView-using-SwiftUIUITests";
				PRODUCT_NAME = "$(TARGET_NAME)";
				SWIFT_EMIT_LOC_STRINGS = NO;
				SWIFT_VERSION = 5.0;
				TARGETED_DEVICE_FAMILY = "1,2";
				TEST_TARGET_NAME = MapView_using_SwiftUI;
			};
			name = Release;
		};
/* End XCBuildConfiguration section */

/* Begin XCConfigurationList section */
		041AC3BD2A95E26100D5CFEA /* Build configuration list for PBXProject "MapView_using_SwiftUI" */ = {
			isa = XCConfigurationList;
			buildConfigurations = (
				041AC3E42A95E26300D5CFEA /* Debug */,
				041AC3E52A95E26300D5CFEA /* Release */,
			);
			defaultConfigurationIsVisible = 0;
			defaultConfigurationName = Release;
		};
		041AC3E62A95E26300D5CFEA /* Build configuration list for PBXNativeTarget "MapView_using_SwiftUI" */ = {
			isa = XCConfigurationList;
			buildConfigurations = (
				041AC3E72A95E26300D5CFEA /* Debug */,
				041AC3E82A95E26300D5CFEA /* Release */,
			);
			defaultConfigurationIsVisible = 0;
			defaultConfigurationName = Release;
		};
		041AC3E92A95E26300D5CFEA /* Build configuration list for PBXNativeTarget "MapView_using_SwiftUITests" */ = {
			isa = XCConfigurationList;
			buildConfigurations = (
				041AC3EA2A95E26300D5CFEA /* Debug */,
				041AC3EB2A95E26300D5CFEA /* Release */,
			);
			defaultConfigurationIsVisible = 0;
			defaultConfigurationName = Release;
		};
		041AC3EC2A95E26300D5CFEA /* Build configuration list for PBXNativeTarget "MapView_using_SwiftUIUITests" */ = {
			isa = XCConfigurationList;
			buildConfigurations = (
				041AC3ED2A95E26300D5CFEA /* Debug */,
				041AC3EE2A95E26300D5CFEA /* Release */,
			);
			defaultConfigurationIsVisible = 0;
			defaultConfigurationName = Release;
		};
/* End XCConfigurationList section */
	};
	rootObject = 041AC3BA2A95E26100D5CFEA /* Project object */;
}
